
Microsoft Visual Studio Solution File, Format Version 12.00
# Visual Studio Version 17
VisualStudioVersion = 17.6.33829.357
MinimumVisualStudioVersion = 10.0.40219.1
Project("{FAE04EC0-301F-11D3-BF4B-00C04F79EFBC}") = "BackendConnection", "BackendConnection.csproj", "{E487111E-628A-4872-9288-317D300BFA3A}"
EndProject
Global
	GlobalSection(SolutionConfigurationPlatforms) = preSolution
		Debug|Any CPU = Debug|Any CPU
		Release|Any CPU = Release|Any CPU
	EndGlobalSection
	GlobalSection(ProjectConfigurationPlatforms) = postSolution
		{E487111E-628A-4872-9288-317D300BFA3A}.Debug|Any CPU.ActiveCfg = Debug|Any CPU
		{E487111E-628A-4872-9288-317D300BFA3A}.Debug|Any CPU.Build.0 = Debug|Any CPU
		{E487111E-628A-4872-9288-317D300BFA3A}.Release|Any CPU.ActiveCfg = Release|Any CPU
		{E487111E-628A-4872-9288-317D300BFA3A}.Release|Any CPU.Build.0 = Release|Any CPU
	EndGlobalSection
	GlobalSection(SolutionProperties) = preSolution
		HideSolutionNode = FALSE
	EndGlobalSection
	GlobalSection(ExtensibilityGlobals) = postSolution
		SolutionGuid = {F23B4651-6AD4-4345-8EE9-09CF175E9AE1}
	EndGlobalSection
EndGlobal
